
Microsoft Visual Studio Solution File, Format Version 12.00
# Visual Studio Version 16
VisualStudioVersion = 16.0.33927.289
MinimumVisualStudioVersion = 10.0.40219.1
Project("{FAE04EC0-301F-11D3-BF4B-00C04F79EFBC}") = "Tyuiu.GrigorjanAM.Sprint7", "Tyuiu.GrigorjanAM.Sprint7\Tyuiu.GrigorjanAM.Sprint7.csproj", "{C8449811-85F1-457C-AFC9-812717CE3A38}"
EndProject
Project("{2150E333-8FDC-42A3-9474-1A3956D46DE8}") = "Project.V9", "Project.V9", "{E793840D-A630-4CDD-B3DE-182F95A347D8}"
EndProject
Global
	GlobalSection(SolutionConfigurationPlatforms) = preSolution
		Debug|Any CPU = Debug|Any CPU
		Release|Any CPU = Release|Any CPU
	EndGlobalSection
	GlobalSection(ProjectConfigurationPlatforms) = postSolution
		{C8449811-85F1-457C-AFC9-812717CE3A38}.Debug|Any CPU.ActiveCfg = Debug|Any CPU
		{C8449811-85F1-457C-AFC9-812717CE3A38}.Debug|Any CPU.Build.0 = Debug|Any CPU
		{C8449811-85F1-457C-AFC9-812717CE3A38}.Release|Any CPU.ActiveCfg = Release|Any CPU
		{C8449811-85F1-457C-AFC9-812717CE3A38}.Release|Any CPU.Build.0 = Release|Any CPU
	EndGlobalSection
	GlobalSection(SolutionProperties) = preSolution
		HideSolutionNode = FALSE
	EndGlobalSection
	GlobalSection(NestedProjects) = preSolution
		{C8449811-85F1-457C-AFC9-812717CE3A38} = {E793840D-A630-4CDD-B3DE-182F95A347D8}
	EndGlobalSection
	GlobalSection(ExtensibilityGlobals) = postSolution
		SolutionGuid = {532C3C88-3F7F-4094-BF9F-1CFF618722F8}
	EndGlobalSection
EndGlobal
